# THIS IS AN AUTOGENERATED FILE. DO NOT EDIT THIS FILE DIRECTLY.
# yarn lockfile v1


"@twa-dev/sdk@^8.0.2":
  version "8.0.2"
  resolved "https://registry.yarnpkg.com/@twa-dev/sdk/-/sdk-8.0.2.tgz#72efd41b5b5878b5e9cd8896673b8708a045d2f5"
  integrity sha512-Pp5GxnxP2blboVZFiM9aWjs4cb8IpW3x2jP3kLOMvIqy0jzNUTuFHkwHtx+zEvh/UcF2F+wmS8G6ebIA0XPXcg==
  dependencies:
    "@twa-dev/types" "^8.0.1"

"@twa-dev/types@^8.0.1":
  version "8.0.2"
  resolved "https://registry.yarnpkg.com/@twa-dev/types/-/types-8.0.2.tgz#118620c1ff8724de82063b1318a8749bd40b0d8b"
  integrity sha512-ICQ6n4NaUPPzV3/GzflVQS6Nnu5QX2vr9OlOG8ZkFf3rSJXzRKazrLAbZlVhCPPWkIW3MMuELPsE6tByrA49qA==
